
Microsoft Visual Studio Solution File, Format Version 12.00
# Visual Studio 2012
Project("{FAE04EC0-301F-11D3-BF4B-00C04F79EFBC}") = "ExtjsSandy.Model", "ExtjsSandy.Model\ExtjsSandy.Model.csproj", "{1EB91522-6D53-481A-92D9-23905437BC04}"
EndProject
Project("{FAE04EC0-301F-11D3-BF4B-00C04F79EFBC}") = "Extjs.Server", "Extjs.Server\Extjs.Server.csproj", "{B81324EB-B28B-4283-8597-CC09273FB3E7}"
EndProject
Project("{E24C65DC-7377-472B-9ABA-BC803B73C61A}") = "web", "web\", "{59200C69-EC82-416E-8903-02F38AA6DA9B}"
	ProjectSection(WebsiteProperties) = preProject
		TargetFrameworkMoniker = ".NETFramework,Version%3Dv4.5"
		ProjectReferences = "{b81324eb-b28b-4283-8597-cc09273fb3e7}|Extjs.Server.dll;"
		Debug.AspNetCompiler.VirtualPath = "/localhost_53302"
		Debug.AspNetCompiler.PhysicalPath = "web\"
		Debug.AspNetCompiler.TargetPath = "PrecompiledWeb\localhost_53302\"
		Debug.AspNetCompiler.Updateable = "true"
		Debug.AspNetCompiler.ForceOverwrite = "true"
		Debug.AspNetCompiler.FixedNames = "false"
		Debug.AspNetCompiler.Debug = "True"
		Release.AspNetCompiler.VirtualPath = "/localhost_53302"
		Release.AspNetCompiler.PhysicalPath = "web\"
		Release.AspNetCompiler.TargetPath = "PrecompiledWeb\localhost_53302\"
		Release.AspNetCompiler.Updateable = "true"
		Release.AspNetCompiler.ForceOverwrite = "true"
		Release.AspNetCompiler.FixedNames = "false"
		Release.AspNetCompiler.Debug = "False"
		VWDPort = "53888"
		DefaultWebSiteLanguage = "Visual C#"
	EndProjectSection
EndProject
Global
	GlobalSection(SolutionConfigurationPlatforms) = preSolution
		Debug|Any CPU = Debug|Any CPU
		Release|Any CPU = Release|Any CPU
	EndGlobalSection
	GlobalSection(ProjectConfigurationPlatforms) = postSolution
		{1EB91522-6D53-481A-92D9-23905437BC04}.Debug|Any CPU.ActiveCfg = Debug|Any CPU
		{1EB91522-6D53-481A-92D9-23905437BC04}.Debug|Any CPU.Build.0 = Debug|Any CPU
		{1EB91522-6D53-481A-92D9-23905437BC04}.Release|Any CPU.ActiveCfg = Release|Any CPU
		{1EB91522-6D53-481A-92D9-23905437BC04}.Release|Any CPU.Build.0 = Release|Any CPU
		{B81324EB-B28B-4283-8597-CC09273FB3E7}.Debug|Any CPU.ActiveCfg = Debug|Any CPU
		{B81324EB-B28B-4283-8597-CC09273FB3E7}.Debug|Any CPU.Build.0 = Debug|Any CPU
		{B81324EB-B28B-4283-8597-CC09273FB3E7}.Release|Any CPU.ActiveCfg = Release|Any CPU
		{B81324EB-B28B-4283-8597-CC09273FB3E7}.Release|Any CPU.Build.0 = Release|Any CPU
		{59200C69-EC82-416E-8903-02F38AA6DA9B}.Debug|Any CPU.ActiveCfg = Debug|Any CPU
		{59200C69-EC82-416E-8903-02F38AA6DA9B}.Debug|Any CPU.Build.0 = Debug|Any CPU
		{59200C69-EC82-416E-8903-02F38AA6DA9B}.Release|Any CPU.ActiveCfg = Debug|Any CPU
		{59200C69-EC82-416E-8903-02F38AA6DA9B}.Release|Any CPU.Build.0 = Debug|Any CPU
	EndGlobalSection
	GlobalSection(SolutionProperties) = preSolution
		HideSolutionNode = FALSE
	EndGlobalSection
EndGlobal
